
Microsoft Visual Studio Solution File, Format Version 12.00
# Visual Studio Version 17
VisualStudioVersion = 17.14.36127.28 d17.14
MinimumVisualStudioVersion = 10.0.40219.1
Project("{FAE04EC0-301F-11D3-BF4B-00C04F79EFBC}") = "PedidosApp.API", "PedidosApp.API\PedidosApp.API.csproj", "{E4C2CE7E-CDE4-4BAE-925A-068FF8B7458B}"
EndProject
Project("{FAE04EC0-301F-11D3-BF4B-00C04F79EFBC}") = "PedidosApp.API.Tests", "PedidosApp.API.Tests\PedidosApp.API.Tests.csproj", "{4703EA4E-47ED-4835-89CD-06993C0D9E8E}"
EndProject
Project("{2150E333-8FDC-42A3-9474-1A3956D46DE8}") = "1 - PRESENTATION", "1 - PRESENTATION", "{02EA681E-C7D8-13C7-8484-4AC65E1B71E8}"
EndProject
Project("{2150E333-8FDC-42A3-9474-1A3956D46DE8}") = "2 - APPLICATION", "2 - APPLICATION", "{6E07BE58-2F81-4C7F-A2DE-4292DCE35349}"
EndProject
Project("{2150E333-8FDC-42A3-9474-1A3956D46DE8}") = "3 - DOMAIN", "3 - DOMAIN", "{A23C3D4D-5031-4771-906E-0CA19A65CB7C}"
EndProject
Project("{2150E333-8FDC-42A3-9474-1A3956D46DE8}") = "4 - INFRASTRUCTURE", "4 - INFRASTRUCTURE", "{E67FB444-BC02-4A89-B204-F1F7E1132CED}"
EndProject
Project("{FAE04EC0-301F-11D3-BF4B-00C04F79EFBC}") = "PedidosApp.Application", "PedidosApp.Application\PedidosApp.Application.csproj", "{99765CB8-3286-47B5-B9AD-E2C527460A6D}"
EndProject
Project("{FAE04EC0-301F-11D3-BF4B-00C04F79EFBC}") = "PedidosApp.Application.Tests", "PedidosApp.Application.Tests\PedidosApp.Application.Tests.csproj", "{29A55D70-E0EC-4F6C-83EC-DA0B9DD0376B}"
EndProject
Project("{FAE04EC0-301F-11D3-BF4B-00C04F79EFBC}") = "PedidosApp.Domain", "PedidosApp.Domain\PedidosApp.Domain.csproj", "{A5057D47-6CD5-477F-B5B3-6628DB519C2B}"
EndProject
Project("{FAE04EC0-301F-11D3-BF4B-00C04F79EFBC}") = "PedidosApp.Domain.Tests", "PedidosApp.Domain.Tests\PedidosApp.Domain.Tests.csproj", "{C02595C5-DCE9-4F16-8C5B-BDACCC530C49}"
EndProject
Project("{FAE04EC0-301F-11D3-BF4B-00C04F79EFBC}") = "PedidosApp.Infra.Data", "PedidosApp.Infra.Data\PedidosApp.Infra.Data.csproj", "{6C56F743-8CCB-44F3-8ED2-00A2F7DAF838}"
EndProject
Project("{FAE04EC0-301F-11D3-BF4B-00C04F79EFBC}") = "PedidosApp.Infra.Data.Tests", "PedidosApp.Infra.Data.Tests\PedidosApp.Infra.Data.Tests.csproj", "{8DA10CDC-6F5C-4D7E-8E80-68DCB2762DA0}"
EndProject
Project("{2150E333-8FDC-42A3-9474-1A3956D46DE8}") = "Itens de Solução", "Itens de Solução", "{380A7511-A354-6D7A-0CC0-8FA1F1BA7B6C}"
	ProjectSection(SolutionItems) = preProject
		docker-compose.yml = docker-compose.yml
	EndProjectSection
EndProject
Global
	GlobalSection(SolutionConfigurationPlatforms) = preSolution
		Debug|Any CPU = Debug|Any CPU
		Release|Any CPU = Release|Any CPU
	EndGlobalSection
	GlobalSection(ProjectConfigurationPlatforms) = postSolution
		{E4C2CE7E-CDE4-4BAE-925A-068FF8B7458B}.Debug|Any CPU.ActiveCfg = Debug|Any CPU
		{E4C2CE7E-CDE4-4BAE-925A-068FF8B7458B}.Debug|Any CPU.Build.0 = Debug|Any CPU
		{E4C2CE7E-CDE4-4BAE-925A-068FF8B7458B}.Release|Any CPU.ActiveCfg = Release|Any CPU
		{E4C2CE7E-CDE4-4BAE-925A-068FF8B7458B}.Release|Any CPU.Build.0 = Release|Any CPU
		{4703EA4E-47ED-4835-89CD-06993C0D9E8E}.Debug|Any CPU.ActiveCfg = Debug|Any CPU
		{4703EA4E-47ED-4835-89CD-06993C0D9E8E}.Debug|Any CPU.Build.0 = Debug|Any CPU
		{4703EA4E-47ED-4835-89CD-06993C0D9E8E}.Release|Any CPU.ActiveCfg = Release|Any CPU
		{4703EA4E-47ED-4835-89CD-06993C0D9E8E}.Release|Any CPU.Build.0 = Release|Any CPU
		{99765CB8-3286-47B5-B9AD-E2C527460A6D}.Debug|Any CPU.ActiveCfg = Debug|Any CPU
		{99765CB8-3286-47B5-B9AD-E2C527460A6D}.Debug|Any CPU.Build.0 = Debug|Any CPU
		{99765CB8-3286-47B5-B9AD-E2C527460A6D}.Release|Any CPU.ActiveCfg = Release|Any CPU
		{99765CB8-3286-47B5-B9AD-E2C527460A6D}.Release|Any CPU.Build.0 = Release|Any CPU
		{29A55D70-E0EC-4F6C-83EC-DA0B9DD0376B}.Debug|Any CPU.ActiveCfg = Debug|Any CPU
		{29A55D70-E0EC-4F6C-83EC-DA0B9DD0376B}.Debug|Any CPU.Build.0 = Debug|Any CPU
		{29A55D70-E0EC-4F6C-83EC-DA0B9DD0376B}.Release|Any CPU.ActiveCfg = Release|Any CPU
		{29A55D70-E0EC-4F6C-83EC-DA0B9DD0376B}.Release|Any CPU.Build.0 = Release|Any CPU
		{A5057D47-6CD5-477F-B5B3-6628DB519C2B}.Debug|Any CPU.ActiveCfg = Debug|Any CPU
		{A5057D47-6CD5-477F-B5B3-6628DB519C2B}.Debug|Any CPU.Build.0 = Debug|Any CPU
		{A5057D47-6CD5-477F-B5B3-6628DB519C2B}.Release|Any CPU.ActiveCfg = Release|Any CPU
		{A5057D47-6CD5-477F-B5B3-6628DB519C2B}.Release|Any CPU.Build.0 = Release|Any CPU
		{C02595C5-DCE9-4F16-8C5B-BDACCC530C49}.Debug|Any CPU.ActiveCfg = Debug|Any CPU
		{C02595C5-DCE9-4F16-8C5B-BDACCC530C49}.Debug|Any CPU.Build.0 = Debug|Any CPU
		{C02595C5-DCE9-4F16-8C5B-BDACCC530C49}.Release|Any CPU.ActiveCfg = Release|Any CPU
		{C02595C5-DCE9-4F16-8C5B-BDACCC530C49}.Release|Any CPU.Build.0 = Release|Any CPU
		{6C56F743-8CCB-44F3-8ED2-00A2F7DAF838}.Debug|Any CPU.ActiveCfg = Debug|Any CPU
		{6C56F743-8CCB-44F3-8ED2-00A2F7DAF838}.Debug|Any CPU.Build.0 = Debug|Any CPU
		{6C56F743-8CCB-44F3-8ED2-00A2F7DAF838}.Release|Any CPU.ActiveCfg = Release|Any CPU
		{6C56F743-8CCB-44F3-8ED2-00A2F7DAF838}.Release|Any CPU.Build.0 = Release|Any CPU
		{8DA10CDC-6F5C-4D7E-8E80-68DCB2762DA0}.Debug|Any CPU.ActiveCfg = Debug|Any CPU
		{8DA10CDC-6F5C-4D7E-8E80-68DCB2762DA0}.Debug|Any CPU.Build.0 = Debug|Any CPU
		{8DA10CDC-6F5C-4D7E-8E80-68DCB2762DA0}.Release|Any CPU.ActiveCfg = Release|Any CPU
		{8DA10CDC-6F5C-4D7E-8E80-68DCB2762DA0}.Release|Any CPU.Build.0 = Release|Any CPU
	EndGlobalSection
	GlobalSection(SolutionProperties) = preSolution
		HideSolutionNode = FALSE
	EndGlobalSection
	GlobalSection(NestedProjects) = preSolution
		{E4C2CE7E-CDE4-4BAE-925A-068FF8B7458B} = {02EA681E-C7D8-13C7-8484-4AC65E1B71E8}
		{4703EA4E-47ED-4835-89CD-06993C0D9E8E} = {02EA681E-C7D8-13C7-8484-4AC65E1B71E8}
		{99765CB8-3286-47B5-B9AD-E2C527460A6D} = {6E07BE58-2F81-4C7F-A2DE-4292DCE35349}
		{29A55D70-E0EC-4F6C-83EC-DA0B9DD0376B} = {6E07BE58-2F81-4C7F-A2DE-4292DCE35349}
		{A5057D47-6CD5-477F-B5B3-6628DB519C2B} = {A23C3D4D-5031-4771-906E-0CA19A65CB7C}
		{C02595C5-DCE9-4F16-8C5B-BDACCC530C49} = {A23C3D4D-5031-4771-906E-0CA19A65CB7C}
		{6C56F743-8CCB-44F3-8ED2-00A2F7DAF838} = {E67FB444-BC02-4A89-B204-F1F7E1132CED}
		{8DA10CDC-6F5C-4D7E-8E80-68DCB2762DA0} = {E67FB444-BC02-4A89-B204-F1F7E1132CED}
	EndGlobalSection
	GlobalSection(ExtensibilityGlobals) = postSolution
		SolutionGuid = {DDE38A22-F7D6-4C2F-BE32-824B52A020E8}
	EndGlobalSection
EndGlobal
